// !$*UTF8*$!
{
	archiveVersion = 1;
	classes = {
	};
	objectVersion = 46;
	objects = {

/* Begin PBXBuildFile section */
		47327E801CCFEF04000A9947 /* AppDelegate.swift in Sources */ = {isa = PBXBuildFile; fileRef = 47327E7F1CCFEF04000A9947 /* AppDelegate.swift */; };
		47327E821CCFEF04000A9947 /* LoginViewController.swift in Sources */ = {isa = PBXBuildFile; fileRef = 47327E811CCFEF04000A9947 /* LoginViewController.swift */; };
		47327E871CCFEF04000A9947 /* Assets.xcassets in Resources */ = {isa = PBXBuildFile; fileRef = 47327E861CCFEF04000A9947 /* Assets.xcassets */; };
		47327E8A1CCFEF04000A9947 /* LaunchScreen.storyboard in Resources */ = {isa = PBXBuildFile; fileRef = 47327E881CCFEF04000A9947 /* LaunchScreen.storyboard */; };
		47327E951CCFEF04000A9947 /* WeChillTests.swift in Sources */ = {isa = PBXBuildFile; fileRef = 47327E941CCFEF04000A9947 /* WeChillTests.swift */; };
		47327EA01CCFEF04000A9947 /* WeChillUITests.swift in Sources */ = {isa = PBXBuildFile; fileRef = 47327E9F1CCFEF04000A9947 /* WeChillUITests.swift */; };
		47327EAE1CD02FF9000A9947 /* Main.storyboard in Resources */ = {isa = PBXBuildFile; fileRef = 47327EAD1CD02FF9000A9947 /* Main.storyboard */; settings = {ASSET_TAGS = (); }; };
		47327EB01CD933B5000A9947 /* SettingsViewController.swift in Sources */ = {isa = PBXBuildFile; fileRef = 47327EAF1CD933B5000A9947 /* SettingsViewController.swift */; settings = {ASSET_TAGS = (); }; };
		47327EB41CD93864000A9947 /* MainViewController.swift in Sources */ = {isa = PBXBuildFile; fileRef = 47327EB31CD93864000A9947 /* MainViewController.swift */; settings = {ASSET_TAGS = (); }; };
		47327EBC1CDD0C58000A9947 /* Data.swift in Sources */ = {isa = PBXBuildFile; fileRef = 47327EBB1CDD0C58000A9947 /* Data.swift */; settings = {ASSET_TAGS = (); }; };
		47327EBE1CDD1B04000A9947 /* BuddiesViewController.swift in Sources */ = {isa = PBXBuildFile; fileRef = 47327EBD1CDD1B04000A9947 /* BuddiesViewController.swift */; settings = {ASSET_TAGS = (); }; };
		47327EC01CDD1B46000A9947 /* MatchesViewController.swift in Sources */ = {isa = PBXBuildFile; fileRef = 47327EBF1CDD1B46000A9947 /* MatchesViewController.swift */; settings = {ASSET_TAGS = (); }; };
		47327EC21CDD1B5C000A9947 /* ProfileViewController.swift in Sources */ = {isa = PBXBuildFile; fileRef = 47327EC11CDD1B5C000A9947 /* ProfileViewController.swift */; settings = {ASSET_TAGS = (); }; };
		47327EC41CE0E5CD000A9947 /* Data2.swift in Sources */ = {isa = PBXBuildFile; fileRef = 47327EC31CE0E5CD000A9947 /* Data2.swift */; settings = {ASSET_TAGS = (); }; };
		47327EC61CE25A19000A9947 /* 04 You Gots To Chill.mp3 in Resources */ = {isa = PBXBuildFile; fileRef = 47327EC51CE25A19000A9947 /* 04 You Gots To Chill.mp3 */; settings = {ASSET_TAGS = (); }; };
/* End PBXBuildFile section */

/* Begin PBXContainerItemProxy section */
		47327E911CCFEF04000A9947 /* PBXContainerItemProxy */ = {
			isa = PBXContainerItemProxy;
			containerPortal = 47327E741CCFEF04000A9947 /* Project object */;
			proxyType = 1;
			remoteGlobalIDString = 47327E7B1CCFEF04000A9947;
			remoteInfo = WeChill;
		};
		47327E9C1CCFEF04000A9947 /* PBXContainerItemProxy */ = {
			isa = PBXContainerItemProxy;
			containerPortal = 47327E741CCFEF04000A9947 /* Project object */;
			proxyType = 1;
			remoteGlobalIDString = 47327E7B1CCFEF04000A9947;
			remoteInfo = WeChill;
		};
/* End PBXContainerItemProxy section */

/* Begin PBXFileReference section */
		47327E7C1CCFEF04000A9947 /* WeChill.app */ = {isa = PBXFileReference; explicitFileType = wrapper.application; includeInIndex = 0; path = WeChill.app; sourceTree = BUILT_PRODUCTS_DIR; };
		47327E7F1CCFEF04000A9947 /* AppDelegate.swift */ = {isa = PBXFileReference; lastKnownFileType = sourcecode.swift; path = AppDelegate.swift; sourceTree = "<group>"; };
		47327E811CCFEF04000A9947 /* LoginViewController.swift */ = {isa = PBXFileReference; lastKnownFileType = sourcecode.swift; path = LoginViewController.swift; sourceTree = "<group>"; };
		47327E861CCFEF04000A9947 /* Assets.xcassets */ = {isa = PBXFileReference; lastKnownFileType = folder.assetcatalog; path = Assets.xcassets; sourceTree = "<group>"; };
		47327E891CCFEF04000A9947 /* Base */ = {isa = PBXFileReference; lastKnownFileType = file.storyboard; name = Base; path = Base.lproj/LaunchScreen.storyboard; sourceTree = "<group>"; };
		47327E8B1CCFEF04000A9947 /* Info.plist */ = {isa = PBXFileReference; lastKnownFileType = text.plist.xml; path = Info.plist; sourceTree = "<group>"; };
		47327E901CCFEF04000A9947 /* WeChillTests.xctest */ = {isa = PBXFileReference; explicitFileType = wrapper.cfbundle; includeInIndex = 0; path = WeChillTests.xctest; sourceTree = BUILT_PRODUCTS_DIR; };
		47327E941CCFEF04000A9947 /* WeChillTests.swift */ = {isa = PBXFileReference; lastKnownFileType = sourcecode.swift; path = WeChillTests.swift; sourceTree = "<group>"; };
		47327E961CCFEF04000A9947 /* Info.plist */ = {isa = PBXFileReference; lastKnownFileType = text.plist.xml; path = Info.plist; sourceTree = "<group>"; };
		47327E9B1CCFEF04000A9947 /* WeChillUITests.xctest */ = {isa = PBXFileReference; explicitFileType = wrapper.cfbundle; includeInIndex = 0; path = WeChillUITests.xctest; sourceTree = BUILT_PRODUCTS_DIR; };
		47327E9F1CCFEF04000A9947 /* WeChillUITests.swift */ = {isa = PBXFileReference; lastKnownFileType = sourcecode.swift; path = WeChillUITests.swift; sourceTree = "<group>"; };
		47327EA11CCFEF04000A9947 /* Info.plist */ = {isa = PBXFileReference; lastKnownFileType = text.plist.xml; path = Info.plist; sourceTree = "<group>"; };
		47327EAD1CD02FF9000A9947 /* Main.storyboard */ = {isa = PBXFileReference; fileEncoding = 4; lastKnownFileType = file.storyboard; path = Main.storyboard; sourceTree = "<group>"; };
		47327EAF1CD933B5000A9947 /* SettingsViewController.swift */ = {isa = PBXFileReference; fileEncoding = 4; lastKnownFileType = sourcecode.swift; path = SettingsViewController.swift; sourceTree = "<group>"; };
		47327EB31CD93864000A9947 /* MainViewController.swift */ = {isa = PBXFileReference; fileEncoding = 4; lastKnownFileType = sourcecode.swift; path = MainViewController.swift; sourceTree = "<group>"; };
		47327EBB1CDD0C58000A9947 /* Data.swift */ = {isa = PBXFileReference; fileEncoding = 4; lastKnownFileType = sourcecode.swift; path = Data.swift; sourceTree = "<group>"; };
		47327EBD1CDD1B04000A9947 /* BuddiesViewController.swift */ = {isa = PBXFileReference; fileEncoding = 4; lastKnownFileType = sourcecode.swift; path = BuddiesViewController.swift; sourceTree = "<group>"; };
		47327EBF1CDD1B46000A9947 /* MatchesViewController.swift */ = {isa = PBXFileReference; fileEncoding = 4; lastKnownFileType = sourcecode.swift; path = MatchesViewController.swift; sourceTree = "<group>"; };
		47327EC11CDD1B5C000A9947 /* ProfileViewController.swift */ = {isa = PBXFileReference; fileEncoding = 4; lastKnownFileType = sourcecode.swift; path = ProfileViewController.swift; sourceTree = "<group>"; };
		47327EC31CE0E5CD000A9947 /* Data2.swift */ = {isa = PBXFileReference; fileEncoding = 4; lastKnownFileType = sourcecode.swift; path = Data2.swift; sourceTree = "<group>"; };
		47327EC51CE25A19000A9947 /* 04 You Gots To Chill.mp3 */ = {isa = PBXFileReference; lastKnownFileType = audio.mp3; path = "04 You Gots To Chill.mp3"; sourceTree = "<group>"; };
/* End PBXFileReference section */

/* Begin PBXFrameworksBuildPhase section */
		47327E791CCFEF04000A9947 /* Frameworks */ = {
			isa = PBXFrameworksBuildPhase;
			buildActionMask = 2147483647;
			files = (
			);
			runOnlyForDeploymentPostprocessing = 0;
		};
		47327E8D1CCFEF04000A9947 /* Frameworks */ = {
			isa = PBXFrameworksBuildPhase;
			buildActionMask = 2147483647;
			files = (
			);
			runOnlyForDeploymentPostprocessing = 0;
		};
		47327E981CCFEF04000A9947 /* Frameworks */ = {
			isa = PBXFrameworksBuildPhase;
			buildActionMask = 2147483647;
			files = (
			);
			runOnlyForDeploymentPostprocessing = 0;
		};
/* End PBXFrameworksBuildPhase section */

/* Begin PBXGroup section */
		47327E731CCFEF04000A9947 = {
			isa = PBXGroup;
			children = (
				47327E7E1CCFEF04000A9947 /* WeChill */,
				47327E931CCFEF04000A9947 /* WeChillTests */,
				47327E9E1CCFEF04000A9947 /* WeChillUITests */,
				47327E7D1CCFEF04000A9947 /* Products */,
			);
			sourceTree = "<group>";
		};
		47327E7D1CCFEF04000A9947 /* Products */ = {
			isa = PBXGroup;
			children = (
				47327E7C1CCFEF04000A9947 /* WeChill.app */,
				47327E901CCFEF04000A9947 /* WeChillTests.xctest */,
				47327E9B1CCFEF04000A9947 /* WeChillUITests.xctest */,
			);
			name = Products;
			sourceTree = "<group>";
		};
		47327E7E1CCFEF04000A9947 /* WeChill */ = {
			isa = PBXGroup;
			children = (
				47327E7F1CCFEF04000A9947 /* AppDelegate.swift */,
				47327E811CCFEF04000A9947 /* LoginViewController.swift */,
				47327EAF1CD933B5000A9947 /* SettingsViewController.swift */,
				47327EBD1CDD1B04000A9947 /* BuddiesViewController.swift */,
				47327EBF1CDD1B46000A9947 /* MatchesViewController.swift */,
				47327EB31CD93864000A9947 /* MainViewController.swift */,
				47327EC11CDD1B5C000A9947 /* ProfileViewController.swift */,
				47327EBB1CDD0C58000A9947 /* Data.swift */,
				47327EC31CE0E5CD000A9947 /* Data2.swift */,
				47327EC51CE25A19000A9947 /* 04 You Gots To Chill.mp3 */,
				47327EAD1CD02FF9000A9947 /* Main.storyboard */,
				47327E861CCFEF04000A9947 /* Assets.xcassets */,
				47327E881CCFEF04000A9947 /* LaunchScreen.storyboard */,
				47327E8B1CCFEF04000A9947 /* Info.plist */,
			);
			path = WeChill;
			sourceTree = "<group>";
		};
		47327E931CCFEF04000A9947 /* WeChillTests */ = {
			isa = PBXGroup;
			children = (
				47327E941CCFEF04000A9947 /* WeChillTests.swift */,
				47327E961CCFEF04000A9947 /* Info.plist */,
			);
			path = WeChillTests;
			sourceTree = "<group>";
		};
		47327E9E1CCFEF04000A9947 /* WeChillUITests */ = {
			isa = PBXGroup;
			children = (
				47327E9F1CCFEF04000A9947 /* WeChillUITests.swift */,
				47327EA11CCFEF04000A9947 /* Info.plist */,
			);
			path = WeChillUITests;
			sourceTree = "<group>";
		};
/* End PBXGroup section */

/* Begin PBXNativeTarget section */
		47327E7B1CCFEF04000A9947 /* WeChill */ = {
			isa = PBXNativeTarget;
			buildConfigurationList = 47327EA41CCFEF04000A9947 /* Build configuration list for PBXNativeTarget "WeChill" */;
			buildPhases = (
				47327E781CCFEF04000A9947 /* Sources */,
				47327E791CCFEF04000A9947 /* Frameworks */,
				47327E7A1CCFEF04000A9947 /* Resources */,
			);
			buildRules = (
			);
			dependencies = (
			);
			name = WeChill;
			productName = WeChill;
			productReference = 47327E7C1CCFEF04000A9947 /* WeChill.app */;
			productType = "com.apple.product-type.application";
		};
		47327E8F1CCFEF04000A9947 /* WeChillTests */ = {
			isa = PBXNativeTarget;
			buildConfigurationList = 47327EA71CCFEF04000A9947 /* Build configuration list for PBXNativeTarget "WeChillTests" */;
			buildPhases = (
				47327E8C1CCFEF04000A9947 /* Sources */,
				47327E8D1CCFEF04000A9947 /* Frameworks */,
				47327E8E1CCFEF04000A9947 /* Resources */,
			);
			buildRules = (
			);
			dependencies = (
				47327E921CCFEF04000A9947 /* PBXTargetDependency */,
			);
			name = WeChillTests;
			productName = WeChillTests;
			productReference = 47327E901CCFEF04000A9947 /* WeChillTests.xctest */;
			productType = "com.apple.product-type.bundle.unit-test";
		};
		47327E9A1CCFEF04000A9947 /* WeChillUITests */ = {
			isa = PBXNativeTarget;
			buildConfigurationList = 47327EAA1CCFEF04000A9947 /* Build configuration list for PBXNativeTarget "WeChillUITests" */;
			buildPhases = (
				47327E971CCFEF04000A9947 /* Sources */,
				47327E981CCFEF04000A9947 /* Frameworks */,
				47327E991CCFEF04000A9947 /* Resources */,
			);
			buildRules = (
			);
			dependencies = (
				47327E9D1CCFEF04000A9947 /* PBXTargetDependency */,
			);
			name = WeChillUITests;
			productName = WeChillUITests;
			productReference = 47327E9B1CCFEF04000A9947 /* WeChillUITests.xctest */;
			productType = "com.apple.product-type.bundle.ui-testing";
		};
/* End PBXNativeTarget section */

/* Begin PBXProject section */
		47327E741CCFEF04000A9947 /* Project object */ = {
			isa = PBXProject;
			attributes = {
				LastUpgradeCheck = 0700;
				ORGANIZATIONNAME = "Skyler Lewis & Noah Finberg";
				TargetAttributes = {
					47327E7B1CCFEF04000A9947 = {
						CreatedOnToolsVersion = 7.0.1;
					};
					47327E8F1CCFEF04000A9947 = {
						CreatedOnToolsVersion = 7.0.1;
						TestTargetID = 47327E7B1CCFEF04000A9947;
					};
					47327E9A1CCFEF04000A9947 = {
						CreatedOnToolsVersion = 7.0.1;
						TestTargetID = 47327E7B1CCFEF04000A9947;
					};
				};
			};
			buildConfigurationList = 47327E771CCFEF04000A9947 /* Build configuration list for PBXProject "WeChill" */;
			compatibilityVersion = "Xcode 3.2";
			developmentRegion = English;
			hasScannedForEncodings = 0;
			knownRegions = (
				en,
				Base,
			);
			mainGroup = 47327E731CCFEF04000A9947;
			productRefGroup = 47327E7D1CCFEF04000A9947 /* Products */;
			projectDirPath = "";
			projectRoot = "";
			targets = (
				47327E7B1CCFEF04000A9947 /* WeChill */,
				47327E8F1CCFEF04000A9947 /* WeChillTests */,
				47327E9A1CCFEF04000A9947 /* WeChillUITests */,
			);
		};
/* End PBXProject section */

/* Begin PBXResourcesBuildPhase section */
		47327E7A1CCFEF04000A9947 /* Resources */ = {
			isa = PBXResourcesBuildPhase;
			buildActionMask = 2147483647;
			files = (
				47327EAE1CD02FF9000A9947 /* Main.storyboard in Resources */,
				47327E8A1CCFEF04000A9947 /* LaunchScreen.storyboard in Resources */,
				47327E871CCFEF04000A9947 /* Assets.xcassets in Resources */,
				47327EC61CE25A19000A9947 /* 04 You Gots To Chill.mp3 in Resources */,
			);
			runOnlyForDeploymentPostprocessing = 0;
		};
		47327E8E1CCFEF04000A9947 /* Resources */ = {
			isa = PBXResourcesBuildPhase;
			buildActionMask = 2147483647;
			files = (
			);
			runOnlyForDeploymentPostprocessing = 0;
		};
		47327E991CCFEF04000A9947 /* Resources */ = {
			isa = PBXResourcesBuildPhase;
			buildActionMask = 2147483647;
			files = (
			);
			runOnlyForDeploymentPostprocessing = 0;
		};
/* End PBXResourcesBuildPhase section */

/* Begin PBXSourcesBuildPhase section */
		47327E781CCFEF04000A9947 /* Sources */ = {
			isa = PBXSourcesBuildPhase;
			buildActionMask = 2147483647;
			files = (
				47327EC01CDD1B46000A9947 /* MatchesViewController.swift in Sources */,
				47327E821CCFEF04000A9947 /* LoginViewController.swift in Sources */,
				47327EBE1CDD1B04000A9947 /* BuddiesViewController.swift in Sources */,
				47327EBC1CDD0C58000A9947 /* Data.swift in Sources */,
				47327E801CCFEF04000A9947 /* AppDelegate.swift in Sources */,
				47327EB01CD933B5000A9947 /* SettingsViewController.swift in Sources */,
				47327EC41CE0E5CD000A9947 /* Data2.swift in Sources */,
				47327EC21CDD1B5C000A9947 /* ProfileViewController.swift in Sources */,
				47327EB41CD93864000A9947 /* MainViewController.swift in Sources */,
			);
			runOnlyForDeploymentPostprocessing = 0;
		};
		47327E8C1CCFEF04000A9947 /* Sources */ = {
			isa = PBXSourcesBuildPhase;
			buildActionMask = 2147483647;
			files = (
				47327E951CCFEF04000A9947 /* WeChillTests.swift in Sources */,
			);
			runOnlyForDeploymentPostprocessing = 0;
		};
		47327E971CCFEF04000A9947 /* Sources */ = {
			isa = PBXSourcesBuildPhase;
			buildActionMask = 2147483647;
			files = (
				47327EA01CCFEF04000A9947 /* WeChillUITests.swift in Sources */,
			);
			runOnlyForDeploymentPostprocessing = 0;
		};
/* End PBXSourcesBuildPhase section */

/* Begin PBXTargetDependency section */
		47327E921CCFEF04000A9947 /* PBXTargetDependency */ = {
			isa = PBXTargetDependency;
			target = 47327E7B1CCFEF04000A9947 /* WeChill */;
			targetProxy = 47327E911CCFEF04000A9947 /* PBXContainerItemProxy */;
		};
		47327E9D1CCFEF04000A9947 /* PBXTargetDependency */ = {
			isa = PBXTargetDependency;
			target = 47327E7B1CCFEF04000A9947 /* WeChill */;
			targetProxy = 47327E9C1CCFEF04000A9947 /* PBXContainerItemProxy */;
		};
/* End PBXTargetDependency section */

/* Begin PBXVariantGroup section */
		47327E881CCFEF04000A9947 /* LaunchScreen.storyboard */ = {
			isa = PBXVariantGroup;
			children = (
				47327E891CCFEF04000A9947 /* Base */,
			);
			name = LaunchScreen.storyboard;
			sourceTree = "<group>";
		};
/* End PBXVariantGroup section */

/* Begin XCBuildConfiguration section */
		47327EA21CCFEF04000A9947 /* Debug */ = {
			isa = XCBuildConfiguration;
			buildSettings = {
				ALWAYS_SEARCH_USER_PATHS = NO;
				CLANG_CXX_LANGUAGE_STANDARD = "gnu++0x";
				CLANG_CXX_LIBRARY = "libc++";
				CLANG_ENABLE_MODULES = YES;
				CLANG_ENABLE_OBJC_ARC = YES;
				CLANG_WARN_BOOL_CONVERSION = YES;
				CLANG_WARN_CONSTANT_CONVERSION = YES;
				CLANG_WARN_DIRECT_OBJC_ISA_USAGE = YES_ERROR;
				CLANG_WARN_EMPTY_BODY = YES;
				CLANG_WARN_ENUM_CONVERSION = YES;
				CLANG_WARN_INT_CONVERSION = YES;
				CLANG_WARN_OBJC_ROOT_CLASS = YES_ERROR;
				CLANG_WARN_UNREACHABLE_CODE = YES;
				CLANG_WARN__DUPLICATE_METHOD_MATCH = YES;
				"CODE_SIGN_IDENTITY[sdk=iphoneos*]" = "iPhone Developer";
				COPY_PHASE_STRIP = NO;
				DEBUG_INFORMATION_FORMAT = dwarf;
				ENABLE_STRICT_OBJC_MSGSEND = YES;
				ENABLE_TESTABILITY = YES;
				GCC_C_LANGUAGE_STANDARD = gnu99;
				GCC_DYNAMIC_NO_PIC = NO;
				GCC_NO_COMMON_BLOCKS = YES;
				GCC_OPTIMIZATION_LEVEL = 0;
				GCC_PREPROCESSOR_DEFINITIONS = (
					"DEBUG=1",
					"$(inherited)",
				);
				GCC_WARN_64_TO_32_BIT_CONVERSION = YES;
				GCC_WARN_ABOUT_RETURN_TYPE = YES_ERROR;
				GCC_WARN_UNDECLARED_SELECTOR = YES;
				GCC_WARN_UNINITIALIZED_AUTOS = YES_AGGRESSIVE;
				GCC_WARN_UNUSED_FUNCTION = YES;
				GCC_WARN_UNUSED_VARIABLE = YES;
				IPHONEOS_DEPLOYMENT_TARGET = 9.0;
				MTL_ENABLE_DEBUG_INFO = YES;
				ONLY_ACTIVE_ARCH = YES;
				SDKROOT = iphoneos;
				SWIFT_OPTIMIZATION_LEVEL = "-Onone";
				TARGETED_DEVICE_FAMILY = "1,2";
			};
			name = Debug;
		};
		47327EA31CCFEF04000A9947 /* Release */ = {
			isa = XCBuildConfiguration;
			buildSettings = {
				ALWAYS_SEARCH_USER_PATHS = NO;
				CLANG_CXX_LANGUAGE_STANDARD = "gnu++0x";
				CLANG_CXX_LIBRARY = "libc++";
				CLANG_ENABLE_MODULES = YES;
				CLANG_ENABLE_OBJC_ARC = YES;
				CLANG_WARN_BOOL_CONVERSION = YES;
				CLANG_WARN_CONSTANT_CONVERSION = YES;
				CLANG_WARN_DIRECT_OBJC_ISA_USAGE = YES_ERROR;
				CLANG_WARN_EMPTY_BODY = YES;
				CLANG_WARN_ENUM_CONVERSION = YES;
				CLANG_WARN_INT_CONVERSION = YES;
				CLANG_WARN_OBJC_ROOT_CLASS = YES_ERROR;
				CLANG_WARN_UNREACHABLE_CODE = YES;
				CLANG_WARN__DUPLICATE_METHOD_MATCH = YES;
				"CODE_SIGN_IDENTITY[sdk=iphoneos*]" = "iPhone Developer";
				COPY_PHASE_STRIP = NO;
				DEBUG_INFORMATION_FORMAT = "dwarf-with-dsym";
				ENABLE_NS_ASSERTIONS = NO;
				ENABLE_STRICT_OBJC_MSGSEND = YES;
				GCC_C_LANGUAGE_STANDARD = gnu99;
				GCC_NO_COMMON_BLOCKS = YES;
				GCC_WARN_64_TO_32_BIT_CONVERSION = YES;
				GCC_WARN_ABOUT_RETURN_TYPE = YES_ERROR;
				GCC_WARN_UNDECLARED_SELECTOR = YES;
				GCC_WARN_UNINITIALIZED_AUTOS = YES_AGGRESSIVE;
				GCC_WARN_UNUSED_FUNCTION = YES;
				GCC_WARN_UNUSED_VARIABLE = YES;
				IPHONEOS_DEPLOYMENT_TARGET = 9.0;
				MTL_ENABLE_DEBUG_INFO = NO;
				SDKROOT = iphoneos;
				TARGETED_DEVICE_FAMILY = "1,2";
				VALIDATE_PRODUCT = YES;
			};
			name = Release;
		};
		47327EA51CCFEF04000A9947 /* Debug */ = {
			isa = XCBuildConfiguration;
			buildSettings = {
				ASSETCATALOG_COMPILER_APPICON_NAME = AppIcon;
				INFOPLIST_FILE = WeChill/Info.plist;
				LD_RUNPATH_SEARCH_PATHS = "$(inherited) @executable_path/Frameworks";
				PRODUCT_BUNDLE_IDENTIFIER = bowdoin.edu.2505.Lewis.WeChill;
				PRODUCT_NAME = "$(TARGET_NAME)";
			};
			name = Debug;
		};
		47327EA61CCFEF04000A9947 /* Release */ = {
			isa = XCBuildConfiguration;
			buildSettings = {
				ASSETCATALOG_COMPILER_APPICON_NAME = AppIcon;
				INFOPLIST_FILE = WeChill/Info.plist;
				LD_RUNPATH_SEARCH_PATHS = "$(inherited) @executable_path/Frameworks";
				PRODUCT_BUNDLE_IDENTIFIER = bowdoin.edu.2505.Lewis.WeChill;
				PRODUCT_NAME = "$(TARGET_NAME)";
			};
			name = Release;
		};
		47327EA81CCFEF04000A9947 /* Debug */ = {
			isa = XCBuildConfiguration;
			buildSettings = {
				BUNDLE_LOADER = "$(TEST_HOST)";
				INFOPLIST_FILE = WeChillTests/Info.plist;
				LD_RUNPATH_SEARCH_PATHS = "$(inherited) @executable_path/Frameworks @loader_path/Frameworks";
				PRODUCT_BUNDLE_IDENTIFIER = bowdoin.edu.2505.Lewis.WeChillTests;
				PRODUCT_NAME = "$(TARGET_NAME)";
				TEST_HOST = "$(BUILT_PRODUCTS_DIR)/WeChill.app/WeChill";
			};
			name = Debug;
		};
		47327EA91CCFEF04000A9947 /* Release */ = {
			isa = XCBuildConfiguration;
			buildSettings = {
				BUNDLE_LOADER = "$(TEST_HOST)";
				INFOPLIST_FILE = WeChillTests/Info.plist;
				LD_RUNPATH_SEARCH_PATHS = "$(inherited) @executable_path/Frameworks @loader_path/Frameworks";
				PRODUCT_BUNDLE_IDENTIFIER = bowdoin.edu.2505.Lewis.WeChillTests;
				PRODUCT_NAME = "$(TARGET_NAME)";
				TEST_HOST = "$(BUILT_PRODUCTS_DIR)/WeChill.app/WeChill";
			};
			name = Release;
		};
		47327EAB1CCFEF04000A9947 /* Debug */ = {
			isa = XCBuildConfiguration;
			buildSettings = {
				INFOPLIST_FILE = WeChillUITests/Info.plist;
				LD_RUNPATH_SEARCH_PATHS = "$(inherited) @executable_path/Frameworks @loader_path/Frameworks";
				PRODUCT_BUNDLE_IDENTIFIER = bowdoin.edu.2505.Lewis.WeChillUITests;
				PRODUCT_NAME = "$(TARGET_NAME)";
				TEST_TARGET_NAME = WeChill;
				USES_XCTRUNNER = YES;
			};
			name = Debug;
		};
		47327EAC1CCFEF04000A9947 /* Release */ = {
			isa = XCBuildConfiguration;
			buildSettings = {
				INFOPLIST_FILE = WeChillUITests/Info.plist;
				LD_RUNPATH_SEARCH_PATHS = "$(inherited) @executable_path/Frameworks @loader_path/Frameworks";
				PRODUCT_BUNDLE_IDENTIFIER = bowdoin.edu.2505.Lewis.WeChillUITests;
				PRODUCT_NAME = "$(TARGET_NAME)";
				TEST_TARGET_NAME = WeChill;
				USES_XCTRUNNER = YES;
			};
			name = Release;
		};
/* End XCBuildConfiguration section */

/* Begin XCConfigurationList section */
		47327E771CCFEF04000A9947 /* Build configuration list for PBXProject "WeChill" */ = {
			isa = XCConfigurationList;
			buildConfigurations = (
				47327EA21CCFEF04000A9947 /* Debug */,
				47327EA31CCFEF04000A9947 /* Release */,
			);
			defaultConfigurationIsVisible = 0;
			defaultConfigurationName = Release;
		};
		47327EA41CCFEF04000A9947 /* Build configuration list for PBXNativeTarget "WeChill" */ = {
			isa = XCConfigurationList;
			buildConfigurations = (
				47327EA51CCFEF04000A9947 /* Debug */,
				47327EA61CCFEF04000A9947 /* Release */,
			);
			defaultConfigurationIsVisible = 0;
			defaultConfigurationName = Release;
		};
		47327EA71CCFEF04000A9947 /* Build configuration list for PBXNativeTarget "WeChillTests" */ = {
			isa = XCConfigurationList;
			buildConfigurations = (
				47327EA81CCFEF04000A9947 /* Debug */,
				47327EA91CCFEF04000A9947 /* Release */,
			);
			defaultConfigurationIsVisible = 0;
			defaultConfigurationName = Release;
		};
		47327EAA1CCFEF04000A9947 /* Build configuration list for PBXNativeTarget "WeChillUITests" */ = {
			isa = XCConfigurationList;
			buildConfigurations = (
				47327EAB1CCFEF04000A9947 /* Debug */,
				47327EAC1CCFEF04000A9947 /* Release */,
			);
			defaultConfigurationIsVisible = 0;
			defaultConfigurationName = Release;
		};
/* End XCConfigurationList section */
	};
	rootObject = 47327E741CCFEF04000A9947 /* Project object */;
}
